// !$*UTF8*$!
{
	archiveVersion = 1;
	classes = {
	};
	objectVersion = 55;
	objects = {

/* Begin PBXBuildFile section */
		075C68DE2885AAA600ED0C01 /* PickerController.swift in Sources */ = {isa = PBXBuildFile; fileRef = 075C68DD2885AAA600ED0C01 /* PickerController.swift */; };
		076D2878288198B2001B6628 /* AppDelegate.swift in Sources */ = {isa = PBXBuildFile; fileRef = 076D2877288198B2001B6628 /* AppDelegate.swift */; };
		076D287A288198B2001B6628 /* ViewController.swift in Sources */ = {isa = PBXBuildFile; fileRef = 076D2879288198B2001B6628 /* ViewController.swift */; };
		076D287C288198B3001B6628 /* Assets.xcassets in Resources */ = {isa = PBXBuildFile; fileRef = 076D287B288198B3001B6628 /* Assets.xcassets */; };
		076D287F288198B3001B6628 /* Main.storyboard in Resources */ = {isa = PBXBuildFile; fileRef = 076D287D288198B3001B6628 /* Main.storyboard */; };
		076D2887288199C7001B6628 /* ModelLibrary in Resources */ = {isa = PBXBuildFile; fileRef = 076D2886288199C7001B6628 /* ModelLibrary */; };
		076D288A288199D1001B6628 /* ModelLibrary in Frameworks */ = {isa = PBXBuildFile; productRef = 076D2889288199D1001B6628 /* ModelLibrary */; };
		07C9A0222881DEBE0025C0FF /* HomeUIView.swift in Sources */ = {isa = PBXBuildFile; fileRef = 07C9A01E2881DEBE0025C0FF /* HomeUIView.swift */; };
		07C9A0232881DEBE0025C0FF /* PickCurrencyUIView.swift in Sources */ = {isa = PBXBuildFile; fileRef = 07C9A01F2881DEBE0025C0FF /* PickCurrencyUIView.swift */; };
		07C9A0242881DEBE0025C0FF /* View+Extensions.swift in Sources */ = {isa = PBXBuildFile; fileRef = 07C9A0202881DEBE0025C0FF /* View+Extensions.swift */; };
		07C9A0252881DEBE0025C0FF /* ActivityIndicatorView.swift in Sources */ = {isa = PBXBuildFile; fileRef = 07C9A0212881DEBE0025C0FF /* ActivityIndicatorView.swift */; };
/* End PBXBuildFile section */

/* Begin PBXFileReference section */
		075C68DD2885AAA600ED0C01 /* PickerController.swift */ = {isa = PBXFileReference; lastKnownFileType = sourcecode.swift; path = PickerController.swift; sourceTree = "<group>"; };
		076D2874288198B2001B6628 /* MacOSMoneyRates.app */ = {isa = PBXFileReference; explicitFileType = wrapper.application; includeInIndex = 0; path = MacOSMoneyRates.app; sourceTree = BUILT_PRODUCTS_DIR; };
		076D2877288198B2001B6628 /* AppDelegate.swift */ = {isa = PBXFileReference; lastKnownFileType = sourcecode.swift; path = AppDelegate.swift; sourceTree = "<group>"; };
		076D2879288198B2001B6628 /* ViewController.swift */ = {isa = PBXFileReference; lastKnownFileType = sourcecode.swift; path = ViewController.swift; sourceTree = "<group>"; };
		076D287B288198B3001B6628 /* Assets.xcassets */ = {isa = PBXFileReference; lastKnownFileType = folder.assetcatalog; path = Assets.xcassets; sourceTree = "<group>"; };
		076D287E288198B3001B6628 /* Base */ = {isa = PBXFileReference; lastKnownFileType = file.storyboard; name = Base; path = Base.lproj/Main.storyboard; sourceTree = "<group>"; };
		076D2880288198B3001B6628 /* MacOSMoneyRates.entitlements */ = {isa = PBXFileReference; lastKnownFileType = text.plist.entitlements; path = MacOSMoneyRates.entitlements; sourceTree = "<group>"; };
		076D2886288199C7001B6628 /* ModelLibrary */ = {isa = PBXFileReference; lastKnownFileType = wrapper; name = ModelLibrary; path = ../ModelLibrary; sourceTree = "<group>"; };
		07C9A01E2881DEBE0025C0FF /* HomeUIView.swift */ = {isa = PBXFileReference; fileEncoding = 4; lastKnownFileType = sourcecode.swift; path = HomeUIView.swift; sourceTree = "<group>"; };
		07C9A01F2881DEBE0025C0FF /* PickCurrencyUIView.swift */ = {isa = PBXFileReference; fileEncoding = 4; lastKnownFileType = sourcecode.swift; path = PickCurrencyUIView.swift; sourceTree = "<group>"; };
		07C9A0202881DEBE0025C0FF /* View+Extensions.swift */ = {isa = PBXFileReference; fileEncoding = 4; lastKnownFileType = sourcecode.swift; path = "View+Extensions.swift"; sourceTree = "<group>"; };
		07C9A0212881DEBE0025C0FF /* ActivityIndicatorView.swift */ = {isa = PBXFileReference; fileEncoding = 4; lastKnownFileType = sourcecode.swift; path = ActivityIndicatorView.swift; sourceTree = "<group>"; };
/* End PBXFileReference section */

/* Begin PBXFrameworksBuildPhase section */
		076D2871288198B2001B6628 /* Frameworks */ = {
			isa = PBXFrameworksBuildPhase;
			buildActionMask = 2147483647;
			files = (
				076D288A288199D1001B6628 /* ModelLibrary in Frameworks */,
			);
			runOnlyForDeploymentPostprocessing = 0;
		};
/* End PBXFrameworksBuildPhase section */

/* Begin PBXGroup section */
		075C68DC2885AA7600ED0C01 /* Presentation */ = {
			isa = PBXGroup;
			children = (
				075C68DD2885AAA600ED0C01 /* PickerController.swift */,
			);
			path = Presentation;
			sourceTree = "<group>";
		};
		076D286B288198B2001B6628 = {
			isa = PBXGroup;
			children = (
				076D2886288199C7001B6628 /* ModelLibrary */,
				076D2876288198B2001B6628 /* MacOSMoneyRates */,
				076D2875288198B2001B6628 /* Products */,
				076D2888288199D1001B6628 /* Frameworks */,
			);
			sourceTree = "<group>";
		};
		076D2875288198B2001B6628 /* Products */ = {
			isa = PBXGroup;
			children = (
				076D2874288198B2001B6628 /* MacOSMoneyRates.app */,
			);
			name = Products;
			sourceTree = "<group>";
		};
		076D2876288198B2001B6628 /* MacOSMoneyRates */ = {
			isa = PBXGroup;
			children = (
				075C68DC2885AA7600ED0C01 /* Presentation */,
				07C9A01D2881DEBE0025C0FF /* UIViews */,
				076D2877288198B2001B6628 /* AppDelegate.swift */,
				076D2879288198B2001B6628 /* ViewController.swift */,
				076D287B288198B3001B6628 /* Assets.xcassets */,
				076D287D288198B3001B6628 /* Main.storyboard */,
				076D2880288198B3001B6628 /* MacOSMoneyRates.entitlements */,
			);
			path = MacOSMoneyRates;
			sourceTree = "<group>";
		};
		076D2888288199D1001B6628 /* Frameworks */ = {
			isa = PBXGroup;
			children = (
			);
			name = Frameworks;
			sourceTree = "<group>";
		};
		07C9A01D2881DEBE0025C0FF /* UIViews */ = {
			isa = PBXGroup;
			children = (
				07C9A01E2881DEBE0025C0FF /* HomeUIView.swift */,
				07C9A01F2881DEBE0025C0FF /* PickCurrencyUIView.swift */,
				07C9A0202881DEBE0025C0FF /* View+Extensions.swift */,
				07C9A0212881DEBE0025C0FF /* ActivityIndicatorView.swift */,
			);
			path = UIViews;
			sourceTree = "<group>";
		};
/* End PBXGroup section */

/* Begin PBXNativeTarget section */
		076D2873288198B2001B6628 /* MacOSMoneyRates */ = {
			isa = PBXNativeTarget;
			buildConfigurationList = 076D2883288198B3001B6628 /* Build configuration list for PBXNativeTarget "MacOSMoneyRates" */;
			buildPhases = (
				076D2870288198B2001B6628 /* Sources */,
				076D2871288198B2001B6628 /* Frameworks */,
				076D2872288198B2001B6628 /* Resources */,
			);
			buildRules = (
			);
			dependencies = (
			);
			name = MacOSMoneyRates;
			packageProductDependencies = (
				076D2889288199D1001B6628 /* ModelLibrary */,
			);
			productName = MacOSMoneyRates;
			productReference = 076D2874288198B2001B6628 /* MacOSMoneyRates.app */;
			productType = "com.apple.product-type.application";
		};
/* End PBXNativeTarget section */

/* Begin PBXProject section */
		076D286C288198B2001B6628 /* Project object */ = {
			isa = PBXProject;
			attributes = {
				BuildIndependentTargetsInParallel = 1;
				LastSwiftUpdateCheck = 1330;
				LastUpgradeCheck = 1330;
				TargetAttributes = {
					076D2873288198B2001B6628 = {
						CreatedOnToolsVersion = 13.3;
					};
				};
			};
			buildConfigurationList = 076D286F288198B2001B6628 /* Build configuration list for PBXProject "MacOSMoneyRates" */;
			compatibilityVersion = "Xcode 13.0";
			developmentRegion = en;
			hasScannedForEncodings = 0;
			knownRegions = (
				en,
				Base,
			);
			mainGroup = 076D286B288198B2001B6628;
			productRefGroup = 076D2875288198B2001B6628 /* Products */;
			projectDirPath = "";
			projectRoot = "";
			targets = (
				076D2873288198B2001B6628 /* MacOSMoneyRates */,
			);
		};
/* End PBXProject section */

/* Begin PBXResourcesBuildPhase section */
		076D2872288198B2001B6628 /* Resources */ = {
			isa = PBXResourcesBuildPhase;
			buildActionMask = 2147483647;
			files = (
				076D287C288198B3001B6628 /* Assets.xcassets in Resources */,
				076D2887288199C7001B6628 /* ModelLibrary in Resources */,
				076D287F288198B3001B6628 /* Main.storyboard in Resources */,
			);
			runOnlyForDeploymentPostprocessing = 0;
		};
/* End PBXResourcesBuildPhase section */

/* Begin PBXSourcesBuildPhase section */
		076D2870288198B2001B6628 /* Sources */ = {
			isa = PBXSourcesBuildPhase;
			buildActionMask = 2147483647;
			files = (
				075C68DE2885AAA600ED0C01 /* PickerController.swift in Sources */,
				076D287A288198B2001B6628 /* ViewController.swift in Sources */,
				076D2878288198B2001B6628 /* AppDelegate.swift in Sources */,
				07C9A0232881DEBE0025C0FF /* PickCurrencyUIView.swift in Sources */,
				07C9A0252881DEBE0025C0FF /* ActivityIndicatorView.swift in Sources */,
				07C9A0242881DEBE0025C0FF /* View+Extensions.swift in Sources */,
				07C9A0222881DEBE0025C0FF /* HomeUIView.swift in Sources */,
			);
			runOnlyForDeploymentPostprocessing = 0;
		};
/* End PBXSourcesBuildPhase section */

/* Begin PBXVariantGroup section */
		076D287D288198B3001B6628 /* Main.storyboard */ = {
			isa = PBXVariantGroup;
			children = (
				076D287E288198B3001B6628 /* Base */,
			);
			name = Main.storyboard;
			sourceTree = "<group>";
		};
/* End PBXVariantGroup section */

/* Begin XCBuildConfiguration section */
		076D2881288198B3001B6628 /* Debug */ = {
			isa = XCBuildConfiguration;
			buildSettings = {
				ALWAYS_SEARCH_USER_PATHS = NO;
				CLANG_ANALYZER_NONNULL = YES;
				CLANG_ANALYZER_NUMBER_OBJECT_CONVERSION = YES_AGGRESSIVE;
				CLANG_CXX_LANGUAGE_STANDARD = "gnu++17";
				CLANG_ENABLE_MODULES = YES;
				CLANG_ENABLE_OBJC_ARC = YES;
				CLANG_ENABLE_OBJC_WEAK = YES;
				CLANG_WARN_BLOCK_CAPTURE_AUTORELEASING = YES;
				CLANG_WARN_BOOL_CONVERSION = YES;
				CLANG_WARN_COMMA = YES;
				CLANG_WARN_CONSTANT_CONVERSION = YES;
				CLANG_WARN_DEPRECATED_OBJC_IMPLEMENTATIONS = YES;
				CLANG_WARN_DIRECT_OBJC_ISA_USAGE = YES_ERROR;
				CLANG_WARN_DOCUMENTATION_COMMENTS = YES;
				CLANG_WARN_EMPTY_BODY = YES;
				CLANG_WARN_ENUM_CONVERSION = YES;
				CLANG_WARN_INFINITE_RECURSION = YES;
				CLANG_WARN_INT_CONVERSION = YES;
				CLANG_WARN_NON_LITERAL_NULL_CONVERSION = YES;
				CLANG_WARN_OBJC_IMPLICIT_RETAIN_SELF = YES;
				CLANG_WARN_OBJC_LITERAL_CONVERSION = YES;
				CLANG_WARN_OBJC_ROOT_CLASS = YES_ERROR;
				CLANG_WARN_QUOTED_INCLUDE_IN_FRAMEWORK_HEADER = YES;
				CLANG_WARN_RANGE_LOOP_ANALYSIS = YES;
				CLANG_WARN_STRICT_PROTOTYPES = YES;
				CLANG_WARN_SUSPICIOUS_MOVE = YES;
				CLANG_WARN_UNGUARDED_AVAILABILITY = YES_AGGRESSIVE;
				CLANG_WARN_UNREACHABLE_CODE = YES;
				CLANG_WARN__DUPLICATE_METHOD_MATCH = YES;
				COPY_PHASE_STRIP = NO;
				DEBUG_INFORMATION_FORMAT = dwarf;
				ENABLE_STRICT_OBJC_MSGSEND = YES;
				ENABLE_TESTABILITY = YES;
				GCC_C_LANGUAGE_STANDARD = gnu11;
				GCC_DYNAMIC_NO_PIC = NO;
				GCC_NO_COMMON_BLOCKS = YES;
				GCC_OPTIMIZATION_LEVEL = 0;
				GCC_PREPROCESSOR_DEFINITIONS = (
					"DEBUG=1",
					"$(inherited)",
				);
				GCC_WARN_64_TO_32_BIT_CONVERSION = YES;
				GCC_WARN_ABOUT_RETURN_TYPE = YES_ERROR;
				GCC_WARN_UNDECLARED_SELECTOR = YES;
				GCC_WARN_UNINITIALIZED_AUTOS = YES_AGGRESSIVE;
				GCC_WARN_UNUSED_FUNCTION = YES;
				GCC_WARN_UNUSED_VARIABLE = YES;
				MACOSX_DEPLOYMENT_TARGET = 12.3;
				MTL_ENABLE_DEBUG_INFO = INCLUDE_SOURCE;
				MTL_FAST_MATH = YES;
				ONLY_ACTIVE_ARCH = YES;
				SDKROOT = macosx;
				SWIFT_ACTIVE_COMPILATION_CONDITIONS = DEBUG;
				SWIFT_OPTIMIZATION_LEVEL = "-Onone";
			};
			name = Debug;
		};
		076D2882288198B3001B6628 /* Release */ = {
			isa = XCBuildConfiguration;
			buildSettings = {
				ALWAYS_SEARCH_USER_PATHS = NO;
				CLANG_ANALYZER_NONNULL = YES;
				CLANG_ANALYZER_NUMBER_OBJECT_CONVERSION = YES_AGGRESSIVE;
				CLANG_CXX_LANGUAGE_STANDARD = "gnu++17";
				CLANG_ENABLE_MODULES = YES;
				CLANG_ENABLE_OBJC_ARC = YES;
				CLANG_ENABLE_OBJC_WEAK = YES;
				CLANG_WARN_BLOCK_CAPTURE_AUTORELEASING = YES;
				CLANG_WARN_BOOL_CONVERSION = YES;
				CLANG_WARN_COMMA = YES;
				CLANG_WARN_CONSTANT_CONVERSION = YES;
				CLANG_WARN_DEPRECATED_OBJC_IMPLEMENTATIONS = YES;
				CLANG_WARN_DIRECT_OBJC_ISA_USAGE = YES_ERROR;
				CLANG_WARN_DOCUMENTATION_COMMENTS = YES;
				CLANG_WARN_EMPTY_BODY = YES;
				CLANG_WARN_ENUM_CONVERSION = YES;
				CLANG_WARN_INFINITE_RECURSION = YES;
				CLANG_WARN_INT_CONVERSION = YES;
				CLANG_WARN_NON_LITERAL_NULL_CONVERSION = YES;
				CLANG_WARN_OBJC_IMPLICIT_RETAIN_SELF = YES;
				CLANG_WARN_OBJC_LITERAL_CONVERSION = YES;
				CLANG_WARN_OBJC_ROOT_CLASS = YES_ERROR;
				CLANG_WARN_QUOTED_INCLUDE_IN_FRAMEWORK_HEADER = YES;
				CLANG_WARN_RANGE_LOOP_ANALYSIS = YES;
				CLANG_WARN_STRICT_PROTOTYPES = YES;
				CLANG_WARN_SUSPICIOUS_MOVE = YES;
				CLANG_WARN_UNGUARDED_AVAILABILITY = YES_AGGRESSIVE;
				CLANG_WARN_UNREACHABLE_CODE = YES;
				CLANG_WARN__DUPLICATE_METHOD_MATCH = YES;
				COPY_PHASE_STRIP = NO;
				DEBUG_INFORMATION_FORMAT = "dwarf-with-dsym";
				ENABLE_NS_ASSERTIONS = NO;
				ENABLE_STRICT_OBJC_MSGSEND = YES;
				GCC_C_LANGUAGE_STANDARD = gnu11;
				GCC_NO_COMMON_BLOCKS = YES;
				GCC_WARN_64_TO_32_BIT_CONVERSION = YES;
				GCC_WARN_ABOUT_RETURN_TYPE = YES_ERROR;
				GCC_WARN_UNDECLARED_SELECTOR = YES;
				GCC_WARN_UNINITIALIZED_AUTOS = YES_AGGRESSIVE;
				GCC_WARN_UNUSED_FUNCTION = YES;
				GCC_WARN_UNUSED_VARIABLE = YES;
				MACOSX_DEPLOYMENT_TARGET = 12.3;
				MTL_ENABLE_DEBUG_INFO = NO;
				MTL_FAST_MATH = YES;
				SDKROOT = macosx;
				SWIFT_COMPILATION_MODE = wholemodule;
				SWIFT_OPTIMIZATION_LEVEL = "-O";
			};
			name = Release;
		};
		076D2884288198B3001B6628 /* Debug */ = {
			isa = XCBuildConfiguration;
			buildSettings = {
				ASSETCATALOG_COMPILER_APPICON_NAME = AppIcon;
				ASSETCATALOG_COMPILER_GLOBAL_ACCENT_COLOR_NAME = AccentColor;
				CODE_SIGN_ENTITLEMENTS = MacOSMoneyRates/MacOSMoneyRates.entitlements;
				CODE_SIGN_STYLE = Automatic;
				COMBINE_HIDPI_IMAGES = YES;
				CURRENT_PROJECT_VERSION = 1;
				GENERATE_INFOPLIST_FILE = YES;
				INFOPLIST_KEY_NSHumanReadableCopyright = "";
				INFOPLIST_KEY_NSMainStoryboardFile = Main;
				INFOPLIST_KEY_NSPrincipalClass = NSApplication;
				LD_RUNPATH_SEARCH_PATHS = (
					"$(inherited)",
					"@executable_path/../Frameworks",
				);
				MARKETING_VERSION = 1.0;
				PRODUCT_BUNDLE_IDENTIFIER = org.omar.MacOSMoneyRates;
				PRODUCT_NAME = "$(TARGET_NAME)";
				SWIFT_EMIT_LOC_STRINGS = YES;
				SWIFT_VERSION = 5.0;
			};
			name = Debug;
		};
		076D2885288198B3001B6628 /* Release */ = {
			isa = XCBuildConfiguration;
			buildSettings = {
				ASSETCATALOG_COMPILER_APPICON_NAME = AppIcon;
				ASSETCATALOG_COMPILER_GLOBAL_ACCENT_COLOR_NAME = AccentColor;
				CODE_SIGN_ENTITLEMENTS = MacOSMoneyRates/MacOSMoneyRates.entitlements;
				CODE_SIGN_STYLE = Automatic;
				COMBINE_HIDPI_IMAGES = YES;
				CURRENT_PROJECT_VERSION = 1;
				GENERATE_INFOPLIST_FILE = YES;
				INFOPLIST_KEY_NSHumanReadableCopyright = "";
				INFOPLIST_KEY_NSMainStoryboardFile = Main;
				INFOPLIST_KEY_NSPrincipalClass = NSApplication;
				LD_RUNPATH_SEARCH_PATHS = (
					"$(inherited)",
					"@executable_path/../Frameworks",
				);
				MARKETING_VERSION = 1.0;
				PRODUCT_BUNDLE_IDENTIFIER = org.omar.MacOSMoneyRates;
				PRODUCT_NAME = "$(TARGET_NAME)";
				SWIFT_EMIT_LOC_STRINGS = YES;
				SWIFT_VERSION = 5.0;
			};
			name = Release;
		};
/* End XCBuildConfiguration section */

/* Begin XCConfigurationList section */
		076D286F288198B2001B6628 /* Build configuration list for PBXProject "MacOSMoneyRates" */ = {
			isa = XCConfigurationList;
			buildConfigurations = (
				076D2881288198B3001B6628 /* Debug */,
				076D2882288198B3001B6628 /* Release */,
			);
			defaultConfigurationIsVisible = 0;
			defaultConfigurationName = Release;
		};
		076D2883288198B3001B6628 /* Build configuration list for PBXNativeTarget "MacOSMoneyRates" */ = {
			isa = XCConfigurationList;
			buildConfigurations = (
				076D2884288198B3001B6628 /* Debug */,
				076D2885288198B3001B6628 /* Release */,
			);
			defaultConfigurationIsVisible = 0;
			defaultConfigurationName = Release;
		};
/* End XCConfigurationList section */

/* Begin XCSwiftPackageProductDependency section */
		076D2889288199D1001B6628 /* ModelLibrary */ = {
			isa = XCSwiftPackageProductDependency;
			productName = ModelLibrary;
		};
/* End XCSwiftPackageProductDependency section */
	};
	rootObject = 076D286C288198B2001B6628 /* Project object */;
}
