// !$*UTF8*$!
{
	archiveVersion = 1;
	classes = {
	};
	objectVersion = 55;
	objects = {

/* Begin PBXBuildFile section */
		070F743B28871658007B5DC4 /* multi_app_converterApp.swift in Sources */ = {isa = PBXBuildFile; fileRef = 070F742B28871656007B5DC4 /* multi_app_converterApp.swift */; };
		070F743C28871658007B5DC4 /* multi_app_converterApp.swift in Sources */ = {isa = PBXBuildFile; fileRef = 070F742B28871656007B5DC4 /* multi_app_converterApp.swift */; };
		070F743D28871658007B5DC4 /* ContentView.swift in Sources */ = {isa = PBXBuildFile; fileRef = 070F742C28871656007B5DC4 /* ContentView.swift */; };
		070F743E28871658007B5DC4 /* ContentView.swift in Sources */ = {isa = PBXBuildFile; fileRef = 070F742C28871656007B5DC4 /* ContentView.swift */; };
		070F743F28871658007B5DC4 /* Assets.xcassets in Resources */ = {isa = PBXBuildFile; fileRef = 070F742D28871658007B5DC4 /* Assets.xcassets */; };
		070F744028871658007B5DC4 /* Assets.xcassets in Resources */ = {isa = PBXBuildFile; fileRef = 070F742D28871658007B5DC4 /* Assets.xcassets */; };
		070F744D28871762007B5DC4 /* ModelLibrary in Frameworks */ = {isa = PBXBuildFile; productRef = 070F744C28871762007B5DC4 /* ModelLibrary */; };
/* End PBXBuildFile section */

/* Begin PBXFileReference section */
		070F742B28871656007B5DC4 /* multi_app_converterApp.swift */ = {isa = PBXFileReference; lastKnownFileType = sourcecode.swift; path = multi_app_converterApp.swift; sourceTree = "<group>"; };
		070F742C28871656007B5DC4 /* ContentView.swift */ = {isa = PBXFileReference; lastKnownFileType = sourcecode.swift; path = ContentView.swift; sourceTree = "<group>"; };
		070F742D28871658007B5DC4 /* Assets.xcassets */ = {isa = PBXFileReference; lastKnownFileType = folder.assetcatalog; path = Assets.xcassets; sourceTree = "<group>"; };
		070F743228871658007B5DC4 /* multi-app-converter.app */ = {isa = PBXFileReference; explicitFileType = wrapper.application; includeInIndex = 0; path = "multi-app-converter.app"; sourceTree = BUILT_PRODUCTS_DIR; };
		070F743828871658007B5DC4 /* multi-app-converter.app */ = {isa = PBXFileReference; explicitFileType = wrapper.application; includeInIndex = 0; path = "multi-app-converter.app"; sourceTree = BUILT_PRODUCTS_DIR; };
		070F743A28871658007B5DC4 /* macOS.entitlements */ = {isa = PBXFileReference; lastKnownFileType = text.plist.entitlements; path = macOS.entitlements; sourceTree = "<group>"; };
/* End PBXFileReference section */

/* Begin PBXFrameworksBuildPhase section */
		070F742F28871658007B5DC4 /* Frameworks */ = {
			isa = PBXFrameworksBuildPhase;
			buildActionMask = 2147483647;
			files = (
				070F744D28871762007B5DC4 /* ModelLibrary in Frameworks */,
			);
			runOnlyForDeploymentPostprocessing = 0;
		};
		070F743528871658007B5DC4 /* Frameworks */ = {
			isa = PBXFrameworksBuildPhase;
			buildActionMask = 2147483647;
			files = (
			);
			runOnlyForDeploymentPostprocessing = 0;
		};
/* End PBXFrameworksBuildPhase section */

/* Begin PBXGroup section */
		070F742528871656007B5DC4 = {
			isa = PBXGroup;
			children = (
				070F742A28871656007B5DC4 /* Shared */,
				070F743928871658007B5DC4 /* macOS */,
				070F743328871658007B5DC4 /* Products */,
				070F744B28871762007B5DC4 /* Frameworks */,
			);
			sourceTree = "<group>";
		};
		070F742A28871656007B5DC4 /* Shared */ = {
			isa = PBXGroup;
			children = (
				070F742B28871656007B5DC4 /* multi_app_converterApp.swift */,
				070F742C28871656007B5DC4 /* ContentView.swift */,
				070F742D28871658007B5DC4 /* Assets.xcassets */,
			);
			path = Shared;
			sourceTree = "<group>";
		};
		070F743328871658007B5DC4 /* Products */ = {
			isa = PBXGroup;
			children = (
				070F743228871658007B5DC4 /* multi-app-converter.app */,
				070F743828871658007B5DC4 /* multi-app-converter.app */,
			);
			name = Products;
			sourceTree = "<group>";
		};
		070F743928871658007B5DC4 /* macOS */ = {
			isa = PBXGroup;
			children = (
				070F743A28871658007B5DC4 /* macOS.entitlements */,
			);
			path = macOS;
			sourceTree = "<group>";
		};
		070F744B28871762007B5DC4 /* Frameworks */ = {
			isa = PBXGroup;
			children = (
			);
			name = Frameworks;
			sourceTree = "<group>";
		};
/* End PBXGroup section */

/* Begin PBXNativeTarget section */
		070F743128871658007B5DC4 /* multi-app-converter (iOS) */ = {
			isa = PBXNativeTarget;
			buildConfigurationList = 070F744328871658007B5DC4 /* Build configuration list for PBXNativeTarget "multi-app-converter (iOS)" */;
			buildPhases = (
				070F742E28871658007B5DC4 /* Sources */,
				070F742F28871658007B5DC4 /* Frameworks */,
				070F743028871658007B5DC4 /* Resources */,
			);
			buildRules = (
			);
			dependencies = (
			);
			name = "multi-app-converter (iOS)";
			packageProductDependencies = (
				070F744C28871762007B5DC4 /* ModelLibrary */,
			);
			productName = "multi-app-converter (iOS)";
			productReference = 070F743228871658007B5DC4 /* multi-app-converter.app */;
			productType = "com.apple.product-type.application";
		};
		070F743728871658007B5DC4 /* multi-app-converter (macOS) */ = {
			isa = PBXNativeTarget;
			buildConfigurationList = 070F744628871658007B5DC4 /* Build configuration list for PBXNativeTarget "multi-app-converter (macOS)" */;
			buildPhases = (
				070F743428871658007B5DC4 /* Sources */,
				070F743528871658007B5DC4 /* Frameworks */,
				070F743628871658007B5DC4 /* Resources */,
			);
			buildRules = (
			);
			dependencies = (
			);
			name = "multi-app-converter (macOS)";
			productName = "multi-app-converter (macOS)";
			productReference = 070F743828871658007B5DC4 /* multi-app-converter.app */;
			productType = "com.apple.product-type.application";
		};
/* End PBXNativeTarget section */

/* Begin PBXProject section */
		070F742628871656007B5DC4 /* Project object */ = {
			isa = PBXProject;
			attributes = {
				BuildIndependentTargetsInParallel = 1;
				LastSwiftUpdateCheck = 1330;
				LastUpgradeCheck = 1330;
				TargetAttributes = {
					070F743128871658007B5DC4 = {
						CreatedOnToolsVersion = 13.3;
					};
					070F743728871658007B5DC4 = {
						CreatedOnToolsVersion = 13.3;
					};
				};
			};
			buildConfigurationList = 070F742928871656007B5DC4 /* Build configuration list for PBXProject "multi-app-converter" */;
			compatibilityVersion = "Xcode 13.0";
			developmentRegion = en;
			hasScannedForEncodings = 0;
			knownRegions = (
				en,
				Base,
			);
			mainGroup = 070F742528871656007B5DC4;
			productRefGroup = 070F743328871658007B5DC4 /* Products */;
			projectDirPath = "";
			projectRoot = "";
			targets = (
				070F743128871658007B5DC4 /* multi-app-converter (iOS) */,
				070F743728871658007B5DC4 /* multi-app-converter (macOS) */,
			);
		};
/* End PBXProject section */

/* Begin PBXResourcesBuildPhase section */
		070F743028871658007B5DC4 /* Resources */ = {
			isa = PBXResourcesBuildPhase;
			buildActionMask = 2147483647;
			files = (
				070F743F28871658007B5DC4 /* Assets.xcassets in Resources */,
			);
			runOnlyForDeploymentPostprocessing = 0;
		};
		070F743628871658007B5DC4 /* Resources */ = {
			isa = PBXResourcesBuildPhase;
			buildActionMask = 2147483647;
			files = (
				070F744028871658007B5DC4 /* Assets.xcassets in Resources */,
			);
			runOnlyForDeploymentPostprocessing = 0;
		};
/* End PBXResourcesBuildPhase section */

/* Begin PBXSourcesBuildPhase section */
		070F742E28871658007B5DC4 /* Sources */ = {
			isa = PBXSourcesBuildPhase;
			buildActionMask = 2147483647;
			files = (
				070F743D28871658007B5DC4 /* ContentView.swift in Sources */,
				070F743B28871658007B5DC4 /* multi_app_converterApp.swift in Sources */,
			);
			runOnlyForDeploymentPostprocessing = 0;
		};
		070F743428871658007B5DC4 /* Sources */ = {
			isa = PBXSourcesBuildPhase;
			buildActionMask = 2147483647;
			files = (
				070F743E28871658007B5DC4 /* ContentView.swift in Sources */,
				070F743C28871658007B5DC4 /* multi_app_converterApp.swift in Sources */,
			);
			runOnlyForDeploymentPostprocessing = 0;
		};
/* End PBXSourcesBuildPhase section */

/* Begin XCBuildConfiguration section */
		070F744128871658007B5DC4 /* Debug */ = {
			isa = XCBuildConfiguration;
			buildSettings = {
				ALWAYS_SEARCH_USER_PATHS = NO;
				CLANG_ANALYZER_NONNULL = YES;
				CLANG_ANALYZER_NUMBER_OBJECT_CONVERSION = YES_AGGRESSIVE;
				CLANG_CXX_LANGUAGE_STANDARD = "gnu++17";
				CLANG_ENABLE_MODULES = YES;
				CLANG_ENABLE_OBJC_ARC = YES;
				CLANG_ENABLE_OBJC_WEAK = YES;
				CLANG_WARN_BLOCK_CAPTURE_AUTORELEASING = YES;
				CLANG_WARN_BOOL_CONVERSION = YES;
				CLANG_WARN_COMMA = YES;
				CLANG_WARN_CONSTANT_CONVERSION = YES;
				CLANG_WARN_DEPRECATED_OBJC_IMPLEMENTATIONS = YES;
				CLANG_WARN_DIRECT_OBJC_ISA_USAGE = YES_ERROR;
				CLANG_WARN_DOCUMENTATION_COMMENTS = YES;
				CLANG_WARN_EMPTY_BODY = YES;
				CLANG_WARN_ENUM_CONVERSION = YES;
				CLANG_WARN_INFINITE_RECURSION = YES;
				CLANG_WARN_INT_CONVERSION = YES;
				CLANG_WARN_NON_LITERAL_NULL_CONVERSION = YES;
				CLANG_WARN_OBJC_IMPLICIT_RETAIN_SELF = YES;
				CLANG_WARN_OBJC_LITERAL_CONVERSION = YES;
				CLANG_WARN_OBJC_ROOT_CLASS = YES_ERROR;
				CLANG_WARN_QUOTED_INCLUDE_IN_FRAMEWORK_HEADER = YES;
				CLANG_WARN_RANGE_LOOP_ANALYSIS = YES;
				CLANG_WARN_STRICT_PROTOTYPES = YES;
				CLANG_WARN_SUSPICIOUS_MOVE = YES;
				CLANG_WARN_UNGUARDED_AVAILABILITY = YES_AGGRESSIVE;
				CLANG_WARN_UNREACHABLE_CODE = YES;
				CLANG_WARN__DUPLICATE_METHOD_MATCH = YES;
				COPY_PHASE_STRIP = NO;
				DEBUG_INFORMATION_FORMAT = dwarf;
				ENABLE_STRICT_OBJC_MSGSEND = YES;
				ENABLE_TESTABILITY = YES;
				GCC_C_LANGUAGE_STANDARD = gnu11;
				GCC_DYNAMIC_NO_PIC = NO;
				GCC_NO_COMMON_BLOCKS = YES;
				GCC_OPTIMIZATION_LEVEL = 0;
				GCC_PREPROCESSOR_DEFINITIONS = (
					"DEBUG=1",
					"$(inherited)",
				);
				GCC_WARN_64_TO_32_BIT_CONVERSION = YES;
				GCC_WARN_ABOUT_RETURN_TYPE = YES_ERROR;
				GCC_WARN_UNDECLARED_SELECTOR = YES;
				GCC_WARN_UNINITIALIZED_AUTOS = YES_AGGRESSIVE;
				GCC_WARN_UNUSED_FUNCTION = YES;
				GCC_WARN_UNUSED_VARIABLE = YES;
				MTL_ENABLE_DEBUG_INFO = INCLUDE_SOURCE;
				MTL_FAST_MATH = YES;
				ONLY_ACTIVE_ARCH = YES;
				SWIFT_ACTIVE_COMPILATION_CONDITIONS = DEBUG;
				SWIFT_OPTIMIZATION_LEVEL = "-Onone";
			};
			name = Debug;
		};
		070F744228871658007B5DC4 /* Release */ = {
			isa = XCBuildConfiguration;
			buildSettings = {
				ALWAYS_SEARCH_USER_PATHS = NO;
				CLANG_ANALYZER_NONNULL = YES;
				CLANG_ANALYZER_NUMBER_OBJECT_CONVERSION = YES_AGGRESSIVE;
				CLANG_CXX_LANGUAGE_STANDARD = "gnu++17";
				CLANG_ENABLE_MODULES = YES;
				CLANG_ENABLE_OBJC_ARC = YES;
				CLANG_ENABLE_OBJC_WEAK = YES;
				CLANG_WARN_BLOCK_CAPTURE_AUTORELEASING = YES;
				CLANG_WARN_BOOL_CONVERSION = YES;
				CLANG_WARN_COMMA = YES;
				CLANG_WARN_CONSTANT_CONVERSION = YES;
				CLANG_WARN_DEPRECATED_OBJC_IMPLEMENTATIONS = YES;
				CLANG_WARN_DIRECT_OBJC_ISA_USAGE = YES_ERROR;
				CLANG_WARN_DOCUMENTATION_COMMENTS = YES;
				CLANG_WARN_EMPTY_BODY = YES;
				CLANG_WARN_ENUM_CONVERSION = YES;
				CLANG_WARN_INFINITE_RECURSION = YES;
				CLANG_WARN_INT_CONVERSION = YES;
				CLANG_WARN_NON_LITERAL_NULL_CONVERSION = YES;
				CLANG_WARN_OBJC_IMPLICIT_RETAIN_SELF = YES;
				CLANG_WARN_OBJC_LITERAL_CONVERSION = YES;
				CLANG_WARN_OBJC_ROOT_CLASS = YES_ERROR;
				CLANG_WARN_QUOTED_INCLUDE_IN_FRAMEWORK_HEADER = YES;
				CLANG_WARN_RANGE_LOOP_ANALYSIS = YES;
				CLANG_WARN_STRICT_PROTOTYPES = YES;
				CLANG_WARN_SUSPICIOUS_MOVE = YES;
				CLANG_WARN_UNGUARDED_AVAILABILITY = YES_AGGRESSIVE;
				CLANG_WARN_UNREACHABLE_CODE = YES;
				CLANG_WARN__DUPLICATE_METHOD_MATCH = YES;
				COPY_PHASE_STRIP = NO;
				DEBUG_INFORMATION_FORMAT = "dwarf-with-dsym";
				ENABLE_NS_ASSERTIONS = NO;
				ENABLE_STRICT_OBJC_MSGSEND = YES;
				GCC_C_LANGUAGE_STANDARD = gnu11;
				GCC_NO_COMMON_BLOCKS = YES;
				GCC_WARN_64_TO_32_BIT_CONVERSION = YES;
				GCC_WARN_ABOUT_RETURN_TYPE = YES_ERROR;
				GCC_WARN_UNDECLARED_SELECTOR = YES;
				GCC_WARN_UNINITIALIZED_AUTOS = YES_AGGRESSIVE;
				GCC_WARN_UNUSED_FUNCTION = YES;
				GCC_WARN_UNUSED_VARIABLE = YES;
				MTL_ENABLE_DEBUG_INFO = NO;
				MTL_FAST_MATH = YES;
				SWIFT_COMPILATION_MODE = wholemodule;
				SWIFT_OPTIMIZATION_LEVEL = "-O";
			};
			name = Release;
		};
		070F744428871658007B5DC4 /* Debug */ = {
			isa = XCBuildConfiguration;
			buildSettings = {
				ASSETCATALOG_COMPILER_APPICON_NAME = AppIcon;
				ASSETCATALOG_COMPILER_GLOBAL_ACCENT_COLOR_NAME = AccentColor;
				CODE_SIGN_STYLE = Automatic;
				CURRENT_PROJECT_VERSION = 1;
				ENABLE_PREVIEWS = YES;
				GENERATE_INFOPLIST_FILE = YES;
				INFOPLIST_KEY_UIApplicationSceneManifest_Generation = YES;
				INFOPLIST_KEY_UIApplicationSupportsIndirectInputEvents = YES;
				INFOPLIST_KEY_UILaunchScreen_Generation = YES;
				INFOPLIST_KEY_UISupportedInterfaceOrientations_iPad = "UIInterfaceOrientationPortrait UIInterfaceOrientationPortraitUpsideDown UIInterfaceOrientationLandscapeLeft UIInterfaceOrientationLandscapeRight";
				INFOPLIST_KEY_UISupportedInterfaceOrientations_iPhone = "UIInterfaceOrientationPortrait UIInterfaceOrientationLandscapeLeft UIInterfaceOrientationLandscapeRight";
				IPHONEOS_DEPLOYMENT_TARGET = 15.4;
				LD_RUNPATH_SEARCH_PATHS = (
					"$(inherited)",
					"@executable_path/Frameworks",
				);
				MARKETING_VERSION = 1.0;
				PRODUCT_BUNDLE_IDENTIFIER = "org.omar.multi-app-converter";
				PRODUCT_NAME = "multi-app-converter";
				SDKROOT = iphoneos;
				SWIFT_EMIT_LOC_STRINGS = YES;
				SWIFT_VERSION = 5.0;
				TARGETED_DEVICE_FAMILY = "1,2";
			};
			name = Debug;
		};
		070F744528871658007B5DC4 /* Release */ = {
			isa = XCBuildConfiguration;
			buildSettings = {
				ASSETCATALOG_COMPILER_APPICON_NAME = AppIcon;
				ASSETCATALOG_COMPILER_GLOBAL_ACCENT_COLOR_NAME = AccentColor;
				CODE_SIGN_STYLE = Automatic;
				CURRENT_PROJECT_VERSION = 1;
				ENABLE_PREVIEWS = YES;
				GENERATE_INFOPLIST_FILE = YES;
				INFOPLIST_KEY_UIApplicationSceneManifest_Generation = YES;
				INFOPLIST_KEY_UIApplicationSupportsIndirectInputEvents = YES;
				INFOPLIST_KEY_UILaunchScreen_Generation = YES;
				INFOPLIST_KEY_UISupportedInterfaceOrientations_iPad = "UIInterfaceOrientationPortrait UIInterfaceOrientationPortraitUpsideDown UIInterfaceOrientationLandscapeLeft UIInterfaceOrientationLandscapeRight";
				INFOPLIST_KEY_UISupportedInterfaceOrientations_iPhone = "UIInterfaceOrientationPortrait UIInterfaceOrientationLandscapeLeft UIInterfaceOrientationLandscapeRight";
				IPHONEOS_DEPLOYMENT_TARGET = 15.4;
				LD_RUNPATH_SEARCH_PATHS = (
					"$(inherited)",
					"@executable_path/Frameworks",
				);
				MARKETING_VERSION = 1.0;
				PRODUCT_BUNDLE_IDENTIFIER = "org.omar.multi-app-converter";
				PRODUCT_NAME = "multi-app-converter";
				SDKROOT = iphoneos;
				SWIFT_EMIT_LOC_STRINGS = YES;
				SWIFT_VERSION = 5.0;
				TARGETED_DEVICE_FAMILY = "1,2";
				VALIDATE_PRODUCT = YES;
			};
			name = Release;
		};
		070F744728871658007B5DC4 /* Debug */ = {
			isa = XCBuildConfiguration;
			buildSettings = {
				ASSETCATALOG_COMPILER_APPICON_NAME = AppIcon;
				ASSETCATALOG_COMPILER_GLOBAL_ACCENT_COLOR_NAME = AccentColor;
				CODE_SIGN_ENTITLEMENTS = macOS/macOS.entitlements;
				CODE_SIGN_STYLE = Automatic;
				COMBINE_HIDPI_IMAGES = YES;
				CURRENT_PROJECT_VERSION = 1;
				ENABLE_PREVIEWS = YES;
				GENERATE_INFOPLIST_FILE = YES;
				INFOPLIST_KEY_NSHumanReadableCopyright = "";
				LD_RUNPATH_SEARCH_PATHS = (
					"$(inherited)",
					"@executable_path/../Frameworks",
				);
				MACOSX_DEPLOYMENT_TARGET = 12.3;
				MARKETING_VERSION = 1.0;
				PRODUCT_BUNDLE_IDENTIFIER = "org.omar.multi-app-converter";
				PRODUCT_NAME = "multi-app-converter";
				SDKROOT = macosx;
				SWIFT_EMIT_LOC_STRINGS = YES;
				SWIFT_VERSION = 5.0;
			};
			name = Debug;
		};
		070F744828871658007B5DC4 /* Release */ = {
			isa = XCBuildConfiguration;
			buildSettings = {
				ASSETCATALOG_COMPILER_APPICON_NAME = AppIcon;
				ASSETCATALOG_COMPILER_GLOBAL_ACCENT_COLOR_NAME = AccentColor;
				CODE_SIGN_ENTITLEMENTS = macOS/macOS.entitlements;
				CODE_SIGN_STYLE = Automatic;
				COMBINE_HIDPI_IMAGES = YES;
				CURRENT_PROJECT_VERSION = 1;
				ENABLE_PREVIEWS = YES;
				GENERATE_INFOPLIST_FILE = YES;
				INFOPLIST_KEY_NSHumanReadableCopyright = "";
				LD_RUNPATH_SEARCH_PATHS = (
					"$(inherited)",
					"@executable_path/../Frameworks",
				);
				MACOSX_DEPLOYMENT_TARGET = 12.3;
				MARKETING_VERSION = 1.0;
				PRODUCT_BUNDLE_IDENTIFIER = "org.omar.multi-app-converter";
				PRODUCT_NAME = "multi-app-converter";
				SDKROOT = macosx;
				SWIFT_EMIT_LOC_STRINGS = YES;
				SWIFT_VERSION = 5.0;
			};
			name = Release;
		};
/* End XCBuildConfiguration section */

/* Begin XCConfigurationList section */
		070F742928871656007B5DC4 /* Build configuration list for PBXProject "multi-app-converter" */ = {
			isa = XCConfigurationList;
			buildConfigurations = (
				070F744128871658007B5DC4 /* Debug */,
				070F744228871658007B5DC4 /* Release */,
			);
			defaultConfigurationIsVisible = 0;
			defaultConfigurationName = Release;
		};
		070F744328871658007B5DC4 /* Build configuration list for PBXNativeTarget "multi-app-converter (iOS)" */ = {
			isa = XCConfigurationList;
			buildConfigurations = (
				070F744428871658007B5DC4 /* Debug */,
				070F744528871658007B5DC4 /* Release */,
			);
			defaultConfigurationIsVisible = 0;
			defaultConfigurationName = Release;
		};
		070F744628871658007B5DC4 /* Build configuration list for PBXNativeTarget "multi-app-converter (macOS)" */ = {
			isa = XCConfigurationList;
			buildConfigurations = (
				070F744728871658007B5DC4 /* Debug */,
				070F744828871658007B5DC4 /* Release */,
			);
			defaultConfigurationIsVisible = 0;
			defaultConfigurationName = Release;
		};
/* End XCConfigurationList section */

/* Begin XCSwiftPackageProductDependency section */
		070F744C28871762007B5DC4 /* ModelLibrary */ = {
			isa = XCSwiftPackageProductDependency;
			productName = ModelLibrary;
		};
/* End XCSwiftPackageProductDependency section */
	};
	rootObject = 070F742628871656007B5DC4 /* Project object */;
}
